{
  "name": "internships-helper",
  "lockfileVersion": 3,
  "requires": true,
  "packages": {
    "": {
      "dependencies": {
        "keycloak-angular": "^20.1.0",
        "keycloak-js": "^26.2.3"
      }
    },
    "node_modules/@angular/common": {
      "version": "20.3.16",
      "resolved": "https://registry.npmjs.org/@angular/common/-/common-20.3.16.tgz",
      "integrity": "sha512-GRAziNlntwdnJy3F+8zCOvDdy7id0gITjDnM6P9+n2lXvtDuBLGJKU3DWBbvxcCjtD6JK/g/rEX5fbCxbUHkQQ==",
      "license": "MIT",
      "peer": true,
      "dependencies": {
        "tslib": "^2.3.0"
      },
      "engines": {
        "node": "^20.19.0 || ^22.12.0 || >=24.0.0"
      },
      "peerDependencies": {
        "@angular/core": "20.3.16",
        "rxjs": "^6.5.3 || ^7.4.0"
      }
    },
    "node_modules/@angular/core": {
      "version": "20.3.16",
      "resolved": "https://registry.npmjs.org/@angular/core/-/core-20.3.16.tgz",
      "integrity": "sha512-KSFPKvOmWWLCJBbEO+CuRUXfecX2FRuO0jNi9c54ptXMOPHlK1lIojUnyXmMNzjdHgRug8ci9qDuftvC2B7MKg==",
      "license": "MIT",
      "peer": true,
      "dependencies": {
        "tslib": "^2.3.0"
      },
      "engines": {
        "node": "^20.19.0 || ^22.12.0 || >=24.0.0"
      },
      "peerDependencies": {
        "@angular/compiler": "20.3.16",
        "rxjs": "^6.5.3 || ^7.4.0",
        "zone.js": "~0.15.0"
      },
      "peerDependenciesMeta": {
        "@angular/compiler": {
          "optional": true
        },
        "zone.js": {
          "optional": true
        }
      }
    },
    "node_modules/@angular/platform-browser": {
      "version": "20.3.16",
      "resolved": "https://registry.npmjs.org/@angular/platform-browser/-/platform-browser-20.3.16.tgz",
      "integrity": "sha512-YsrLS6vyS77i4pVHg4gdSBW74qvzHjpQRTVQ5Lv/OxIjJdYYYkMmjNalCNgy1ZuyY6CaLIB11ccxhrNnxfKGOQ==",
      "license": "MIT",
      "peer": true,
      "dependencies": {
        "tslib": "^2.3.0"
      },
      "engines": {
        "node": "^20.19.0 || ^22.12.0 || >=24.0.0"
      },
      "peerDependencies": {
        "@angular/animations": "20.3.16",
        "@angular/common": "20.3.16",
        "@angular/core": "20.3.16"
      },
      "peerDependenciesMeta": {
        "@angular/animations": {
          "optional": true
        }
      }
    },
    "node_modules/@angular/router": {
      "version": "20.3.16",
      "resolved": "https://registry.npmjs.org/@angular/router/-/router-20.3.16.tgz",
      "integrity": "sha512-e1LiQFZaajKqc00cY5FboIrWJZSMnZ64GDp5R0UejritYrqorQQQNOqP1W85BMuY2owibMmxVfX+dJg/Mc8PuQ==",
      "license": "MIT",
      "peer": true,
      "dependencies": {
        "tslib": "^2.3.0"
      },
      "engines": {
        "node": "^20.19.0 || ^22.12.0 || >=24.0.0"
      },
      "peerDependencies": {
        "@angular/common": "20.3.16",
        "@angular/core": "20.3.16",
        "@angular/platform-browser": "20.3.16",
        "rxjs": "^6.5.3 || ^7.4.0"
      }
    },
    "node_modules/keycloak-angular": {
      "version": "20.1.0",
      "resolved": "https://registry.npmjs.org/keycloak-angular/-/keycloak-angular-20.1.0.tgz",
      "integrity": "sha512-2Y/qAxGD2mrAYN5qw1IVhSoOihFF2OujoAw8pRXGVmAqRZwiC89CmQuUfGPN7n4dKBsos6jsEB6lsqjAjOj9/w==",
      "license": "MIT",
      "dependencies": {
        "tslib": "^2.3.1"
      },
      "peerDependencies": {
        "@angular/common": "^20",
        "@angular/core": "^20",
        "@angular/router": "^20",
        "keycloak-js": "^18 || ^19 || ^20 || ^21 || ^22 || ^23 || ^24 || ^25 || ^26",
        "rxjs": "^7"
      }
    },
    "node_modules/keycloak-js": {
      "version": "26.2.3",
      "resolved": "https://registry.npmjs.org/keycloak-js/-/keycloak-js-26.2.3.tgz",
      "integrity": "sha512-widjzw/9T6bHRgEp6H/Se3NCCarU7u5CwFKBcwtu7xfA1IfdZb+7Q7/KGusAnBo34Vtls8Oz9vzSqkQvQ7+b4Q==",
      "license": "Apache-2.0",
      "workspaces": [
        "test"
      ]
    },
    "node_modules/rxjs": {
      "version": "7.8.2",
      "resolved": "https://registry.npmjs.org/rxjs/-/rxjs-7.8.2.tgz",
      "integrity": "sha512-dhKf903U/PQZY6boNNtAGdWbG85WAbjT/1xYoZIC7FAY0yWapOBQVsVrDl58W86//e1VpMNBtRV4MaXfdMySFA==",
      "license": "Apache-2.0",
      "peer": true,
      "dependencies": {
        "tslib": "^2.1.0"
      }
    },
    "node_modules/tslib": {
      "version": "2.8.1",
      "resolved": "https://registry.npmjs.org/tslib/-/tslib-2.8.1.tgz",
      "integrity": "sha512-oJFu94HQb+KVduSUQL7wnpmqnfmLsOA/nAh6b6EH0wCEoK0/mPeXU6c3wKDV83MkOuHPRHtSXKKU99IBazS/2w==",
      "license": "0BSD"
    }
  }
}
